
Microsoft Visual Studio Solution File, Format Version 12.00
Project("{FAE04EC0-301F-11D3-BF4B-00C04F79EFBC}") = "DumBlazor.QrCodeScanner", "DumBlazor.QrCodeScanner/DumBlazor.QrCodeScanner.csproj", "{7DCD8438-93B2-4859-BF3F-1526F601AE5A}"
EndProject
Project("{FAE04EC0-301F-11D3-BF4B-00C04F79EFBC}") = "DumBlazor.QrCodeScanner.Demo", "DumBlazor.QrCodeScanner.Demo\DumBlazor.QrCodeScanner.Demo.csproj", "{F475B4A6-0F9A-481D-B5D4-2654DEB67BE8}"
EndProject
Global
	GlobalSection(SolutionConfigurationPlatforms) = preSolution
		Debug|Any CPU = Debug|Any CPU
		Release|Any CPU = Release|Any CPU
	EndGlobalSection
	GlobalSection(ProjectConfigurationPlatforms) = postSolution
		{7DCD8438-93B2-4859-BF3F-1526F601AE5A}.Debug|Any CPU.ActiveCfg = Debug|Any CPU
		{7DCD8438-93B2-4859-BF3F-1526F601AE5A}.Debug|Any CPU.Build.0 = Debug|Any CPU
		{7DCD8438-93B2-4859-BF3F-1526F601AE5A}.Release|Any CPU.ActiveCfg = Release|Any CPU
		{7DCD8438-93B2-4859-BF3F-1526F601AE5A}.Release|Any CPU.Build.0 = Release|Any CPU
		{F475B4A6-0F9A-481D-B5D4-2654DEB67BE8}.Debug|Any CPU.ActiveCfg = Debug|Any CPU
		{F475B4A6-0F9A-481D-B5D4-2654DEB67BE8}.Debug|Any CPU.Build.0 = Debug|Any CPU
		{F475B4A6-0F9A-481D-B5D4-2654DEB67BE8}.Release|Any CPU.ActiveCfg = Release|Any CPU
		{F475B4A6-0F9A-481D-B5D4-2654DEB67BE8}.Release|Any CPU.Build.0 = Release|Any CPU
	EndGlobalSection
EndGlobal
